
Microsoft Visual Studio Solution File, Format Version 12.00
# Visual Studio Version 16
VisualStudioVersion = 16.0.32126.315
MinimumVisualStudioVersion = 10.0.40219.1
Project("{FAE04EC0-301F-11D3-BF4B-00C04F79EFBC}") = "Task15Wpf", "Task15Wpf\Task15Wpf.csproj", "{598649AB-4160-466C-BD6B-6B87990E7B16}"
EndProject
Global
	GlobalSection(SolutionConfigurationPlatforms) = preSolution
		Debug|Any CPU = Debug|Any CPU
		Release|Any CPU = Release|Any CPU
	EndGlobalSection
	GlobalSection(ProjectConfigurationPlatforms) = postSolution
		{598649AB-4160-466C-BD6B-6B87990E7B16}.Debug|Any CPU.ActiveCfg = Debug|Any CPU
		{598649AB-4160-466C-BD6B-6B87990E7B16}.Debug|Any CPU.Build.0 = Debug|Any CPU
		{598649AB-4160-466C-BD6B-6B87990E7B16}.Release|Any CPU.ActiveCfg = Release|Any CPU
		{598649AB-4160-466C-BD6B-6B87990E7B16}.Release|Any CPU.Build.0 = Release|Any CPU
	EndGlobalSection
	GlobalSection(SolutionProperties) = preSolution
		HideSolutionNode = FALSE
	EndGlobalSection
	GlobalSection(ExtensibilityGlobals) = postSolution
		SolutionGuid = {8EA6C9FD-3205-4169-9A72-2054327B49EE}
	EndGlobalSection
EndGlobal
